
Microsoft Visual Studio Solution File, Format Version 12.00
# Visual Studio 15
VisualStudioVersion = 15.0.28307.645
MinimumVisualStudioVersion = 10.0.40219.1
Project("{FAE04EC0-301F-11D3-BF4B-00C04F79EFBC}") = "0403A1Zahlenraten", "0403A1Zahlenraten\0403A1Zahlenraten.csproj", "{3F24AD02-FE65-468F-8458-428F70568EA0}"
EndProject
Global
	GlobalSection(SolutionConfigurationPlatforms) = preSolution
		Debug|Any CPU = Debug|Any CPU
		Release|Any CPU = Release|Any CPU
	EndGlobalSection
	GlobalSection(ProjectConfigurationPlatforms) = postSolution
		{3F24AD02-FE65-468F-8458-428F70568EA0}.Debug|Any CPU.ActiveCfg = Debug|Any CPU
		{3F24AD02-FE65-468F-8458-428F70568EA0}.Debug|Any CPU.Build.0 = Debug|Any CPU
		{3F24AD02-FE65-468F-8458-428F70568EA0}.Release|Any CPU.ActiveCfg = Release|Any CPU
		{3F24AD02-FE65-468F-8458-428F70568EA0}.Release|Any CPU.Build.0 = Release|Any CPU
	EndGlobalSection
	GlobalSection(SolutionProperties) = preSolution
		HideSolutionNode = FALSE
	EndGlobalSection
	GlobalSection(ExtensibilityGlobals) = postSolution
		SolutionGuid = {13259861-7BEE-46BA-8EC5-1EC9E1AC8E6E}
	EndGlobalSection
EndGlobal
